
Microsoft Visual Studio Solution File, Format Version 12.00
# Visual Studio Version 17
VisualStudioVersion = 17.0.31903.59
MinimumVisualStudioVersion = 10.0.40219.1
Project("{2150E333-8FDC-42A3-9474-1A3956D46DE8}") = "src", "src", "{15D51858-DB9C-4498-8417-152A76F267F9}"
EndProject
Project("{9A19103F-16F7-4668-BE54-9A1E7A4F7556}") = "Wayfinder.Services", "src\Wayfinder.Services\Wayfinder.Services.csproj", "{6C8071A0-C537-4226-89C8-C24F2AD1BD83}"
EndProject
Project("{9A19103F-16F7-4668-BE54-9A1E7A4F7556}") = "Wayfinder.Tests", "tests\Wayfinder.Tests\Wayfinder.Tests.csproj", "{E1DCB9FC-B629-4E7D-A580-D21846E763AC}"
EndProject
Project("{9A19103F-16F7-4668-BE54-9A1E7A4F7556}") = "Wayfinder.Wasm", "src\Wayfinder.Wasm\Wayfinder.Wasm.csproj", "{FF8DAA32-36D1-435D-80D8-EAEB8F5AD4E0}"
EndProject
Project("{9A19103F-16F7-4668-BE54-9A1E7A4F7556}") = "Wayfinder.Maui", "src\Wayfinder.Maui\Wayfinder.Maui.csproj", "{8A09C9E0-467F-4893-827D-28013245E0C2}"
EndProject
Project("{9A19103F-16F7-4668-BE54-9A1E7A4F7556}") = "Wayfinder.App", "src\Wayfinder.App\Wayfinder.App.csproj", "{9366E42F-3502-485A-ACBA-179829408D1D}"
EndProject
Project("{2150E333-8FDC-42A3-9474-1A3956D46DE8}") = ".solution-items", ".solution-items", "{9CC5F43F-D046-4F4A-84E2-99BD2A646E89}"
	ProjectSection(SolutionItems) = preProject
		.editorconfig = .editorconfig
	EndProjectSection
EndProject
Global
	GlobalSection(SolutionConfigurationPlatforms) = preSolution
		Debug|Any CPU = Debug|Any CPU
		Release|Any CPU = Release|Any CPU
	EndGlobalSection
	GlobalSection(ProjectConfigurationPlatforms) = postSolution
		{6C8071A0-C537-4226-89C8-C24F2AD1BD83}.Debug|Any CPU.ActiveCfg = Debug|Any CPU
		{6C8071A0-C537-4226-89C8-C24F2AD1BD83}.Debug|Any CPU.Build.0 = Debug|Any CPU
		{6C8071A0-C537-4226-89C8-C24F2AD1BD83}.Release|Any CPU.ActiveCfg = Release|Any CPU
		{6C8071A0-C537-4226-89C8-C24F2AD1BD83}.Release|Any CPU.Build.0 = Release|Any CPU
		{E1DCB9FC-B629-4E7D-A580-D21846E763AC}.Debug|Any CPU.ActiveCfg = Debug|Any CPU
		{E1DCB9FC-B629-4E7D-A580-D21846E763AC}.Debug|Any CPU.Build.0 = Debug|Any CPU
		{E1DCB9FC-B629-4E7D-A580-D21846E763AC}.Release|Any CPU.ActiveCfg = Release|Any CPU
		{E1DCB9FC-B629-4E7D-A580-D21846E763AC}.Release|Any CPU.Build.0 = Release|Any CPU
		{FF8DAA32-36D1-435D-80D8-EAEB8F5AD4E0}.Debug|Any CPU.ActiveCfg = Debug|Any CPU
		{FF8DAA32-36D1-435D-80D8-EAEB8F5AD4E0}.Debug|Any CPU.Build.0 = Debug|Any CPU
		{FF8DAA32-36D1-435D-80D8-EAEB8F5AD4E0}.Release|Any CPU.ActiveCfg = Release|Any CPU
		{FF8DAA32-36D1-435D-80D8-EAEB8F5AD4E0}.Release|Any CPU.Build.0 = Release|Any CPU
		{8A09C9E0-467F-4893-827D-28013245E0C2}.Debug|Any CPU.ActiveCfg = Debug|Any CPU
		{8A09C9E0-467F-4893-827D-28013245E0C2}.Debug|Any CPU.Build.0 = Debug|Any CPU
		{8A09C9E0-467F-4893-827D-28013245E0C2}.Debug|Any CPU.Deploy.0 = Debug|Any CPU
		{8A09C9E0-467F-4893-827D-28013245E0C2}.Release|Any CPU.ActiveCfg = Release|Any CPU
		{8A09C9E0-467F-4893-827D-28013245E0C2}.Release|Any CPU.Build.0 = Release|Any CPU
		{8A09C9E0-467F-4893-827D-28013245E0C2}.Release|Any CPU.Deploy.0 = Release|Any CPU
		{9366E42F-3502-485A-ACBA-179829408D1D}.Debug|Any CPU.ActiveCfg = Debug|Any CPU
		{9366E42F-3502-485A-ACBA-179829408D1D}.Debug|Any CPU.Build.0 = Debug|Any CPU
		{9366E42F-3502-485A-ACBA-179829408D1D}.Release|Any CPU.ActiveCfg = Release|Any CPU
		{9366E42F-3502-485A-ACBA-179829408D1D}.Release|Any CPU.Build.0 = Release|Any CPU
	EndGlobalSection
	GlobalSection(SolutionProperties) = preSolution
		HideSolutionNode = FALSE
	EndGlobalSection
	GlobalSection(NestedProjects) = preSolution
		{6C8071A0-C537-4226-89C8-C24F2AD1BD83} = {15D51858-DB9C-4498-8417-152A76F267F9}
		{FF8DAA32-36D1-435D-80D8-EAEB8F5AD4E0} = {15D51858-DB9C-4498-8417-152A76F267F9}
		{8A09C9E0-467F-4893-827D-28013245E0C2} = {15D51858-DB9C-4498-8417-152A76F267F9}
		{9366E42F-3502-485A-ACBA-179829408D1D} = {15D51858-DB9C-4498-8417-152A76F267F9}
	EndGlobalSection
	GlobalSection(ExtensibilityGlobals) = postSolution
		SolutionGuid = {269EE357-EA84-4BB3-881E-04D37F4CC03A}
	EndGlobalSection
EndGlobal
